
Microsoft Visual Studio Solution File, Format Version 12.00
# Visual Studio Version 17
VisualStudioVersion = 17.7.34202.233
MinimumVisualStudioVersion = 10.0.40219.1
Project("{9A19103F-16F7-4668-BE54-9A1E7A4F7556}") = "FoodNutritionWebsite.Server", "FoodNutritionWebsite\Server\FoodNutritionWebsite.Server.csproj", "{4B6F4EFE-08B8-48CF-8692-00C4BB9D9C6B}"
EndProject
Project("{9A19103F-16F7-4668-BE54-9A1E7A4F7556}") = "FoodNutritionWebsite.Client", "FoodNutritionWebsite\Client\FoodNutritionWebsite.Client.csproj", "{6D70420F-9576-482E-9886-F7D2CFD3F8FD}"
EndProject
Project("{9A19103F-16F7-4668-BE54-9A1E7A4F7556}") = "FoodNutritionWebsite.Shared", "FoodNutritionWebsite\Shared\FoodNutritionWebsite.Shared.csproj", "{6C7F75B5-62A7-4F36-AFDB-997B65B34C7F}"
EndProject
Global
	GlobalSection(SolutionConfigurationPlatforms) = preSolution
		Debug|Any CPU = Debug|Any CPU
		Release|Any CPU = Release|Any CPU
	EndGlobalSection
	GlobalSection(ProjectConfigurationPlatforms) = postSolution
		{4B6F4EFE-08B8-48CF-8692-00C4BB9D9C6B}.Debug|Any CPU.ActiveCfg = Debug|Any CPU
		{4B6F4EFE-08B8-48CF-8692-00C4BB9D9C6B}.Debug|Any CPU.Build.0 = Debug|Any CPU
		{4B6F4EFE-08B8-48CF-8692-00C4BB9D9C6B}.Release|Any CPU.ActiveCfg = Release|Any CPU
		{4B6F4EFE-08B8-48CF-8692-00C4BB9D9C6B}.Release|Any CPU.Build.0 = Release|Any CPU
		{6D70420F-9576-482E-9886-F7D2CFD3F8FD}.Debug|Any CPU.ActiveCfg = Debug|Any CPU
		{6D70420F-9576-482E-9886-F7D2CFD3F8FD}.Debug|Any CPU.Build.0 = Debug|Any CPU
		{6D70420F-9576-482E-9886-F7D2CFD3F8FD}.Release|Any CPU.ActiveCfg = Release|Any CPU
		{6D70420F-9576-482E-9886-F7D2CFD3F8FD}.Release|Any CPU.Build.0 = Release|Any CPU
		{6C7F75B5-62A7-4F36-AFDB-997B65B34C7F}.Debug|Any CPU.ActiveCfg = Debug|Any CPU
		{6C7F75B5-62A7-4F36-AFDB-997B65B34C7F}.Debug|Any CPU.Build.0 = Debug|Any CPU
		{6C7F75B5-62A7-4F36-AFDB-997B65B34C7F}.Release|Any CPU.ActiveCfg = Release|Any CPU
		{6C7F75B5-62A7-4F36-AFDB-997B65B34C7F}.Release|Any CPU.Build.0 = Release|Any CPU
	EndGlobalSection
	GlobalSection(SolutionProperties) = preSolution
		HideSolutionNode = FALSE
	EndGlobalSection
	GlobalSection(ExtensibilityGlobals) = postSolution
		SolutionGuid = {D24983F6-D75A-46DF-A4E7-8F233D6D6AA9}
	EndGlobalSection
EndGlobal
